
Microsoft Visual Studio Solution File, Format Version 12.00
# Visual Studio 15
VisualStudioVersion = 15.0.28307.329
MinimumVisualStudioVersion = 10.0.40219.1
Project("{FAE04EC0-301F-11D3-BF4B-00C04F79EFBC}") = "TextStudio", "TextStudio\TextStudio.csproj", "{EC0CCC24-CD74-4E54-97C1-906647EBF4B6}"
EndProject
Project("{FAE04EC0-301F-11D3-BF4B-00C04F79EFBC}") = "Updater", "Updater\Updater.csproj", "{51456590-0F47-4572-ACD0-A58E566B4B00}"
EndProject
Global
	GlobalSection(SolutionConfigurationPlatforms) = preSolution
		Debug|Any CPU = Debug|Any CPU
		Release|Any CPU = Release|Any CPU
	EndGlobalSection
	GlobalSection(ProjectConfigurationPlatforms) = postSolution
		{EC0CCC24-CD74-4E54-97C1-906647EBF4B6}.Debug|Any CPU.ActiveCfg = Debug|Any CPU
		{EC0CCC24-CD74-4E54-97C1-906647EBF4B6}.Debug|Any CPU.Build.0 = Debug|Any CPU
		{EC0CCC24-CD74-4E54-97C1-906647EBF4B6}.Release|Any CPU.ActiveCfg = Release|Any CPU
		{EC0CCC24-CD74-4E54-97C1-906647EBF4B6}.Release|Any CPU.Build.0 = Release|Any CPU
		{51456590-0F47-4572-ACD0-A58E566B4B00}.Debug|Any CPU.ActiveCfg = Debug|Any CPU
		{51456590-0F47-4572-ACD0-A58E566B4B00}.Debug|Any CPU.Build.0 = Debug|Any CPU
		{51456590-0F47-4572-ACD0-A58E566B4B00}.Release|Any CPU.ActiveCfg = Release|Any CPU
		{51456590-0F47-4572-ACD0-A58E566B4B00}.Release|Any CPU.Build.0 = Release|Any CPU
	EndGlobalSection
	GlobalSection(SolutionProperties) = preSolution
		HideSolutionNode = FALSE
	EndGlobalSection
	GlobalSection(ExtensibilityGlobals) = postSolution
		SolutionGuid = {3D269295-5057-40F2-AF21-0A916C85635C}
	EndGlobalSection
EndGlobal
